<?xml version="1.0"?>
<CONFIG>
  <ProjectOptions>
    <Version Value="9"/>
    <PathDelim Value="\"/>
    <General>
      <Flags>
        <MainUnitHasCreateFormStatements Value="False"/>
        <MainUnitHasTitleStatement Value="False"/>
      </Flags>
      <MainUnit Value="0"/>
      <ResourceType Value="res"/>
      <UseXPManifest Value="True"/>
      <Icon Value="0"/>
      <ActiveWindowIndexAtStart Value="0"/>
    </General>
    <i18n>
      <EnableI18N LFM="False"/>
    </i18n>
    <VersionInfo>
      <StringTable ProductVersion=""/>
    </VersionInfo>
    <BuildModes Count="1" Active="Default">
      <Item1 Name="Default" Default="True"/>
    </BuildModes>
    <PublishOptions>
      <Version Value="2"/>
      <IncludeFileFilter Value="*.(pas|pp|inc|lfm|lpr|lrs|lpi|lpk|sh|xml)"/>
      <ExcludeFileFilter Value="*.(bak|ppu|o|so);*~;backup"/>
    </PublishOptions>
    <RunParams>
      <local>
        <FormatVersion Value="1"/>
      </local>
    </RunParams>
    <Units Count="28">
      <Unit0>
        <Filename Value="base.lpr"/>
        <IsPartOfProject Value="True"/>
        <UnitName Value="base"/>
        <EditorIndex Value="0"/>
        <WindowIndex Value="0"/>
        <TopLine Value="1"/>
        <CursorPos X="1" Y="1"/>
        <UsageCount Value="20"/>
        <Loaded Value="True"/>
      </Unit0>
      <Unit1>
        <Filename Value="ahautils.inc"/>
        <IsPartOfProject Value="True"/>
        <EditorIndex Value="1"/>
        <WindowIndex Value="0"/>
        <TopLine Value="1"/>
        <CursorPos X="92" Y="16"/>
        <UsageCount Value="20"/>
        <Loaded Value="True"/>
      </Unit1>
      <Unit2>
        <Filename Value="uudict.pas"/>
        <IsPartOfProject Value="True"/>
        <UnitName Value="UUDict"/>
        <EditorIndex Value="2"/>
        <WindowIndex Value="0"/>
        <TopLine Value="1"/>
        <CursorPos X="9" Y="8"/>
        <UsageCount Value="20"/>
        <Loaded Value="True"/>
      </Unit2>
      <Unit3>
        <Filename Value="ahacore.pas"/>
        <IsPartOfProject Value="True"/>
        <UnitName Value="AhaCore"/>
        <EditorIndex Value="3"/>
        <WindowIndex Value="0"/>
        <TopLine Value="1"/>
        <CursorPos X="20" Y="14"/>
        <UsageCount Value="20"/>
        <Loaded Value="True"/>
      </Unit3>
      <Unit4>
        <Filename Value="ahacharutils.pas"/>
        <IsPartOfProject Value="True"/>
        <UnitName Value="AhaCharUtils"/>
        <EditorIndex Value="4"/>
        <WindowIndex Value="0"/>
        <TopLine Value="1"/>
        <CursorPos X="9" Y="8"/>
        <UsageCount Value="20"/>
        <Loaded Value="True"/>
      </Unit4>
      <Unit5>
        <Filename Value="ahaintutils.pas"/>
        <IsPartOfProject Value="True"/>
        <UnitName Value="AhaIntUtils"/>
        <EditorIndex Value="5"/>
        <WindowIndex Value="0"/>
        <TopLine Value="1"/>
        <CursorPos X="9" Y="8"/>
        <UsageCount Value="20"/>
        <Loaded Value="True"/>
      </Unit5>
      <Unit6>
        <Filename Value="ahanilutils.pas"/>
        <IsPartOfProject Value="True"/>
        <UnitName Value="AhaNilUtils"/>
        <IsVisibleTab Value="True"/>
        <EditorIndex Value="6"/>
        <WindowIndex Value="0"/>
        <TopLine Value="25"/>
        <CursorPos X="43" Y="44"/>
        <UsageCount Value="20"/>
        <Loaded Value="True"/>
      </Unit6>
      <Unit7>
        <Filename Value="ahastrings.pas"/>
        <IsPartOfProject Value="True"/>
        <UnitName Value="AhaStrings"/>
        <EditorIndex Value="7"/>
        <WindowIndex Value="0"/>
        <TopLine Value="1"/>
        <CursorPos X="9" Y="8"/>
        <UsageCount Value="20"/>
        <Loaded Value="True"/>
      </Unit7>
      <Unit8>
        <Filename Value="ahaudtutils.pas"/>
        <IsPartOfProject Value="True"/>
        <UnitName Value="AhaUDTUtils"/>
        <EditorIndex Value="8"/>
        <WindowIndex Value="0"/>
        <TopLine Value="1"/>
        <CursorPos X="9" Y="8"/>
        <UsageCount Value="20"/>
        <Loaded Value="True"/>
      </Unit8>
      <Unit9>
        <Filename Value="bcoll.pas"/>
        <IsPartOfProject Value="True"/>
        <UnitName Value="BColl"/>
        <EditorIndex Value="9"/>
        <WindowIndex Value="0"/>
        <TopLine Value="1"/>
        <CursorPos X="9" Y="8"/>
        <UsageCount Value="20"/>
        <Loaded Value="True"/>
      </Unit9>
      <Unit10>
        <Filename Value="bdict.pas"/>
        <IsPartOfProject Value="True"/>
        <UnitName Value="BDict"/>
        <EditorIndex Value="10"/>
        <WindowIndex Value="0"/>
        <TopLine Value="1"/>
        <CursorPos X="9" Y="8"/>
        <UsageCount Value="20"/>
        <Loaded Value="True"/>
      </Unit10>
      <Unit11>
        <Filename Value="biglists.pas"/>
        <IsPartOfProject Value="True"/>
        <UnitName Value="BigLists"/>
        <EditorIndex Value="11"/>
        <WindowIndex Value="0"/>
        <TopLine Value="1"/>
        <CursorPos X="1" Y="1"/>
        <UsageCount Value="20"/>
        <Loaded Value="True"/>
      </Unit11>
      <Unit12>
        <Filename Value="ccdict.pas"/>
        <IsPartOfProject Value="True"/>
        <UnitName Value="CCDict"/>
        <EditorIndex Value="12"/>
        <WindowIndex Value="0"/>
        <TopLine Value="1"/>
        <CursorPos X="9" Y="8"/>
        <UsageCount Value="20"/>
        <Loaded Value="True"/>
      </Unit12>
      <Unit13>
        <Filename Value="ccoll.pas"/>
        <IsPartOfProject Value="True"/>
        <UnitName Value="CColl"/>
        <EditorIndex Value="13"/>
        <WindowIndex Value="0"/>
        <TopLine Value="1"/>
        <CursorPos X="9" Y="8"/>
        <UsageCount Value="20"/>
        <Loaded Value="True"/>
      </Unit13>
      <Unit14>
        <Filename Value="cidict.pas"/>
        <IsPartOfProject Value="True"/>
        <UnitName Value="CIDict"/>
        <EditorIndex Value="14"/>
        <WindowIndex Value="0"/>
        <TopLine Value="1"/>
        <CursorPos X="9" Y="8"/>
        <UsageCount Value="20"/>
        <Loaded Value="True"/>
      </Unit14>
      <Unit15>
        <Filename Value="collections.inc"/>
        <IsPartOfProject Value="True"/>
        <EditorIndex Value="15"/>
        <WindowIndex Value="0"/>
        <TopLine Value="1"/>
        <CursorPos X="1" Y="1"/>
        <UsageCount Value="20"/>
        <Loaded Value="True"/>
      </Unit15>
      <Unit16>
        <Filename Value="collections.pas"/>
        <IsPartOfProject Value="True"/>
        <UnitName Value="Collections"/>
        <EditorIndex Value="16"/>
        <WindowIndex Value="0"/>
        <TopLine Value="1"/>
        <CursorPos X="9" Y="8"/>
        <UsageCount Value="20"/>
        <Loaded Value="True"/>
      </Unit16>
      <Unit17>
        <Filename Value="cudict.pas"/>
        <IsPartOfProject Value="True"/>
        <UnitName Value="CUDict"/>
        <EditorIndex Value="17"/>
        <WindowIndex Value="0"/>
        <TopLine Value="1"/>
        <CursorPos X="9" Y="8"/>
        <UsageCount Value="20"/>
        <Loaded Value="True"/>
      </Unit17>
      <Unit18>
        <Filename Value="dictionaries.inc"/>
        <IsPartOfProject Value="True"/>
        <EditorIndex Value="18"/>
        <WindowIndex Value="0"/>
        <TopLine Value="1"/>
        <CursorPos X="1" Y="1"/>
        <UsageCount Value="20"/>
        <Loaded Value="True"/>
      </Unit18>
      <Unit19>
        <Filename Value="dictionaries.pas"/>
        <IsPartOfProject Value="True"/>
        <UnitName Value="Dictionaries"/>
        <EditorIndex Value="19"/>
        <WindowIndex Value="0"/>
        <TopLine Value="1"/>
        <CursorPos X="9" Y="8"/>
        <UsageCount Value="20"/>
        <Loaded Value="True"/>
      </Unit19>
      <Unit20>
        <Filename Value="icdict.pas"/>
        <IsPartOfProject Value="True"/>
        <UnitName Value="ICDict"/>
        <EditorIndex Value="20"/>
        <WindowIndex Value="0"/>
        <TopLine Value="1"/>
        <CursorPos X="9" Y="8"/>
        <UsageCount Value="20"/>
        <Loaded Value="True"/>
      </Unit20>
      <Unit21>
        <Filename Value="icoll.pas"/>
        <IsPartOfProject Value="True"/>
        <UnitName Value="IColl"/>
        <EditorIndex Value="21"/>
        <WindowIndex Value="0"/>
        <TopLine Value="1"/>
        <CursorPos X="9" Y="8"/>
        <UsageCount Value="20"/>
        <Loaded Value="True"/>
      </Unit21>
      <Unit22>
        <Filename Value="iidict.pas"/>
        <IsPartOfProject Value="True"/>
        <UnitName Value="IIDict"/>
        <EditorIndex Value="22"/>
        <WindowIndex Value="0"/>
        <TopLine Value="1"/>
        <CursorPos X="9" Y="8"/>
        <UsageCount Value="20"/>
        <Loaded Value="True"/>
      </Unit22>
      <Unit23>
        <Filename Value="iudict.pas"/>
        <IsPartOfProject Value="True"/>
        <UnitName Value="IUDict"/>
        <EditorIndex Value="23"/>
        <WindowIndex Value="0"/>
        <TopLine Value="1"/>
        <CursorPos X="9" Y="8"/>
        <UsageCount Value="20"/>
        <Loaded Value="True"/>
      </Unit23>
      <Unit24>
        <Filename Value="ncoll.pas"/>
        <IsPartOfProject Value="True"/>
        <UnitName Value="NColl"/>
        <EditorIndex Value="24"/>
        <WindowIndex Value="0"/>
        <TopLine Value="1"/>
        <CursorPos X="9" Y="8"/>
        <UsageCount Value="20"/>
        <Loaded Value="True"/>
      </Unit24>
      <Unit25>
        <Filename Value="ucdict.pas"/>
        <IsPartOfProject Value="True"/>
        <UnitName Value="UCDict"/>
        <EditorIndex Value="25"/>
        <WindowIndex Value="0"/>
        <TopLine Value="1"/>
        <CursorPos X="9" Y="8"/>
        <UsageCount Value="20"/>
        <Loaded Value="True"/>
      </Unit25>
      <Unit26>
        <Filename Value="ucoll.pas"/>
        <IsPartOfProject Value="True"/>
        <UnitName Value="UColl"/>
        <EditorIndex Value="26"/>
        <WindowIndex Value="0"/>
        <TopLine Value="1"/>
        <CursorPos X="9" Y="8"/>
        <UsageCount Value="20"/>
        <Loaded Value="True"/>
      </Unit26>
      <Unit27>
        <Filename Value="uidict.pas"/>
        <IsPartOfProject Value="True"/>
        <UnitName Value="UIDict"/>
        <EditorIndex Value="27"/>
        <WindowIndex Value="0"/>
        <TopLine Value="1"/>
        <CursorPos X="9" Y="8"/>
        <UsageCount Value="20"/>
        <Loaded Value="True"/>
      </Unit27>
    </Units>
    <JumpHistory Count="3" HistoryIndex="2">
      <Position1>
        <Filename Value="ahanilutils.pas"/>
        <Caret Line="8" Column="9" TopLine="1"/>
      </Position1>
      <Position2>
        <Filename Value="ahanilutils.pas"/>
        <Caret Line="44" Column="46" TopLine="1"/>
      </Position2>
      <Position3>
        <Filename Value="ahanilutils.pas"/>
        <Caret Line="8" Column="6" TopLine="1"/>
      </Position3>
    </JumpHistory>
  </ProjectOptions>
  <CompilerOptions>
    <Version Value="9"/>
    <PathDelim Value="\"/>
    <Target>
      <Filename Value="base"/>
    </Target>
    <SearchPaths>
      <IncludeFiles Value="$(ProjOutDir)"/>
      <UnitOutputDirectory Value="lib\$(TargetCPU)-$(TargetOS)"/>
    </SearchPaths>
    <Parsing>
      <SyntaxOptions>
        <CStyleOperator Value="False"/>
        <AllowLabel Value="False"/>
        <CPPInline Value="False"/>
      </SyntaxOptions>
    </Parsing>
    <CodeGeneration>
      <Optimizations>
        <VariablesInRegisters Value="True"/>
        <OptimizationLevel Value="3"/>
      </Optimizations>
    </CodeGeneration>
    <Linking>
      <Debugging>
        <UseLineInfoUnit Value="False"/>
        <StripSymbols Value="True"/>
      </Debugging>
      <LinkSmart Value="True"/>
      <Options>
        <ExecutableType Value="Library"/>
      </Options>
    </Linking>
    <Other>
      <CompilerMessages>
        <UseMsgFile Value="True"/>
      </CompilerMessages>
      <CompilerPath Value="$(CompPath)"/>
    </Other>
  </CompilerOptions>
  <Debugging>
    <Exceptions Count="3">
      <Item1>
        <Name Value="EAbort"/>
      </Item1>
      <Item2>
        <Name Value="ECodetoolError"/>
      </Item2>
      <Item3>
        <Name Value="EFOpenError"/>
      </Item3>
    </Exceptions>
  </Debugging>
</CONFIG>
